
Microsoft Visual Studio Solution File, Format Version 12.00
# Visual Studio Version 17
VisualStudioVersion = 17.0.31903.59
MinimumVisualStudioVersion = 10.0.40219.1
Project("{FAE04EC0-301F-11D3-BF4B-00C04F79EFBC}") = "API", "API\API.csproj", "{70EB8E9B-FACD-4175-9912-721391905D0F}"
EndProject
Project("{FAE04EC0-301F-11D3-BF4B-00C04F79EFBC}") = "Application", "Application\Application.csproj", "{3F9ACF11-8986-45D2-9B68-0BF50BE5F2C9}"
EndProject
Project("{FAE04EC0-301F-11D3-BF4B-00C04F79EFBC}") = "Domain", "Domain\Domain.csproj", "{752D6A7B-A846-4520-AB41-CF17717F3BE8}"
EndProject
Project("{FAE04EC0-301F-11D3-BF4B-00C04F79EFBC}") = "Persistence", "Persistence\Persistence.csproj", "{0E9B3293-0D80-4E27-8D54-94055AC3702B}"
EndProject
Global
	GlobalSection(SolutionConfigurationPlatforms) = preSolution
		Debug|Any CPU = Debug|Any CPU
		Release|Any CPU = Release|Any CPU
	EndGlobalSection
	GlobalSection(SolutionProperties) = preSolution
		HideSolutionNode = FALSE
	EndGlobalSection
	GlobalSection(ProjectConfigurationPlatforms) = postSolution
		{70EB8E9B-FACD-4175-9912-721391905D0F}.Debug|Any CPU.ActiveCfg = Debug|Any CPU
		{70EB8E9B-FACD-4175-9912-721391905D0F}.Debug|Any CPU.Build.0 = Debug|Any CPU
		{70EB8E9B-FACD-4175-9912-721391905D0F}.Release|Any CPU.ActiveCfg = Release|Any CPU
		{70EB8E9B-FACD-4175-9912-721391905D0F}.Release|Any CPU.Build.0 = Release|Any CPU
		{3F9ACF11-8986-45D2-9B68-0BF50BE5F2C9}.Debug|Any CPU.ActiveCfg = Debug|Any CPU
		{3F9ACF11-8986-45D2-9B68-0BF50BE5F2C9}.Debug|Any CPU.Build.0 = Debug|Any CPU
		{3F9ACF11-8986-45D2-9B68-0BF50BE5F2C9}.Release|Any CPU.ActiveCfg = Release|Any CPU
		{3F9ACF11-8986-45D2-9B68-0BF50BE5F2C9}.Release|Any CPU.Build.0 = Release|Any CPU
		{752D6A7B-A846-4520-AB41-CF17717F3BE8}.Debug|Any CPU.ActiveCfg = Debug|Any CPU
		{752D6A7B-A846-4520-AB41-CF17717F3BE8}.Debug|Any CPU.Build.0 = Debug|Any CPU
		{752D6A7B-A846-4520-AB41-CF17717F3BE8}.Release|Any CPU.ActiveCfg = Release|Any CPU
		{752D6A7B-A846-4520-AB41-CF17717F3BE8}.Release|Any CPU.Build.0 = Release|Any CPU
		{0E9B3293-0D80-4E27-8D54-94055AC3702B}.Debug|Any CPU.ActiveCfg = Debug|Any CPU
		{0E9B3293-0D80-4E27-8D54-94055AC3702B}.Debug|Any CPU.Build.0 = Debug|Any CPU
		{0E9B3293-0D80-4E27-8D54-94055AC3702B}.Release|Any CPU.ActiveCfg = Release|Any CPU
		{0E9B3293-0D80-4E27-8D54-94055AC3702B}.Release|Any CPU.Build.0 = Release|Any CPU
	EndGlobalSection
EndGlobal
